
Microsoft Visual Studio Solution File, Format Version 12.00
# Visual Studio Version 17
VisualStudioVersion = 17.11.35312.102
MinimumVisualStudioVersion = 10.0.40219.1
Project("{9A19103F-16F7-4668-BE54-9A1E7A4F7556}") = "Ödev", "Ödev\Ödev.csproj", "{1324D3E6-05DD-4871-AAF1-25E50CE5592E}"
EndProject
Global
	GlobalSection(SolutionConfigurationPlatforms) = preSolution
		Debug|Any CPU = Debug|Any CPU
		Release|Any CPU = Release|Any CPU
	EndGlobalSection
	GlobalSection(ProjectConfigurationPlatforms) = postSolution
		{1324D3E6-05DD-4871-AAF1-25E50CE5592E}.Debug|Any CPU.ActiveCfg = Debug|Any CPU
		{1324D3E6-05DD-4871-AAF1-25E50CE5592E}.Debug|Any CPU.Build.0 = Debug|Any CPU
		{1324D3E6-05DD-4871-AAF1-25E50CE5592E}.Debug|Any CPU.Deploy.0 = Debug|Any CPU
		{1324D3E6-05DD-4871-AAF1-25E50CE5592E}.Release|Any CPU.ActiveCfg = Release|Any CPU
		{1324D3E6-05DD-4871-AAF1-25E50CE5592E}.Release|Any CPU.Build.0 = Release|Any CPU
		{1324D3E6-05DD-4871-AAF1-25E50CE5592E}.Release|Any CPU.Deploy.0 = Release|Any CPU
	EndGlobalSection
	GlobalSection(SolutionProperties) = preSolution
		HideSolutionNode = FALSE
	EndGlobalSection
	GlobalSection(ExtensibilityGlobals) = postSolution
		SolutionGuid = {6EFB5377-79BD-435F-AB65-47AC32A43283}
	EndGlobalSection
EndGlobal
